# This file is autogenerated, do not edit; changes may be undone by the next 'dep ensure'.


[[projects]]
  name = "github.com/garyburd/redigo"
  packages = ["internal","redis"]
  revision = "433969511232c397de61b1442f9fd49ec06ae9ba"
  version = "v1.1.0"

[[projects]]
  branch = "master"
  name = "github.com/go-kit/kit"
  packages = ["log"]
  revision = "7c0038db5f6361f85f612e4154f61e4f6d6a83b2"

[[projects]]
  name = "github.com/go-logfmt/logfmt"
  packages = ["."]
  revision = "390ab7935ee28ec6b286364bba9b4dd6410cb3d5"
  version = "v0.3.0"

[[projects]]
  name = "github.com/go-stack/stack"
  packages = ["."]
  revision = "817915b46b97fd7bb80e8ab6b69f01a53ac3eebf"
  version = "v1.6.0"

[[projects]]
  name = "github.com/inconshreveable/mousetrap"
  packages = ["."]
  revision = "76626ae9c91c4f2a10f34cad8ce83ea42c93bb75"
  version = "v1.0"

[[projects]]
  branch = "master"
  name = "github.com/kr/logfmt"
  packages = ["."]
  revision = "b84e30acd515aadc4b783ad4ff83aff3299bdfe0"

[[projects]]
  branch = "master"
  name = "github.com/spf13/cobra"
  packages = ["."]
  revision = "b26b538f693051ac6518e65672de3144ce3fbedc"

[[projects]]
  name = "github.com/spf13/pflag"
  packages = ["."]
  revision = "e57e3eeb33f795204c1ca35f56c44f83227c6e66"
  version = "v1.0.0"

[solve-meta]
  analyzer-name = "dep"
  analyzer-version = 1
  inputs-digest = "155c4c293717612d0c15544bdafee243da3ee0b76ea2e17659de76877781c0b6"
  solver-name = "gps-cdcl"
  solver-version = 1
